// !$*UTF8*$!
{
	archiveVersion = 1;
	classes = {
	};
	objectVersion = 56;
	objects = {

/* Begin PBXBuildFile section */
		2005D9202AF4972F007C1A56 /* POI_AkuApp.swift in Sources */ = {isa = PBXBuildFile; fileRef = 2005D91F2AF4972F007C1A56 /* POI_AkuApp.swift */; };
		2005D9222AF4972F007C1A56 /* ContentView.swift in Sources */ = {isa = PBXBuildFile; fileRef = 2005D9212AF4972F007C1A56 /* ContentView.swift */; };
		2005D9242AF49730007C1A56 /* Assets.xcassets in Resources */ = {isa = PBXBuildFile; fileRef = 2005D9232AF49730007C1A56 /* Assets.xcassets */; };
		2005D9272AF49730007C1A56 /* Preview Assets.xcassets in Resources */ = {isa = PBXBuildFile; fileRef = 2005D9262AF49730007C1A56 /* Preview Assets.xcassets */; };
		2005D9312AF49730007C1A56 /* POI_AkuTests.swift in Sources */ = {isa = PBXBuildFile; fileRef = 2005D9302AF49730007C1A56 /* POI_AkuTests.swift */; };
		2005D93B2AF49730007C1A56 /* POI_AkuUITests.swift in Sources */ = {isa = PBXBuildFile; fileRef = 2005D93A2AF49730007C1A56 /* POI_AkuUITests.swift */; };
		2005D93D2AF49730007C1A56 /* POI_AkuUITestsLaunchTests.swift in Sources */ = {isa = PBXBuildFile; fileRef = 2005D93C2AF49730007C1A56 /* POI_AkuUITestsLaunchTests.swift */; };
		20F0E49B2AF49FF600236E9F /* PoiAkuAppSource in Frameworks */ = {isa = PBXBuildFile; productRef = 20F0E49A2AF49FF600236E9F /* PoiAkuAppSource */; };
/* End PBXBuildFile section */

/* Begin PBXContainerItemProxy section */
		2005D92D2AF49730007C1A56 /* PBXContainerItemProxy */ = {
			isa = PBXContainerItemProxy;
			containerPortal = 2005D9142AF4972F007C1A56 /* Project object */;
			proxyType = 1;
			remoteGlobalIDString = 2005D91B2AF4972F007C1A56;
			remoteInfo = "POI Aku";
		};
		2005D9372AF49730007C1A56 /* PBXContainerItemProxy */ = {
			isa = PBXContainerItemProxy;
			containerPortal = 2005D9142AF4972F007C1A56 /* Project object */;
			proxyType = 1;
			remoteGlobalIDString = 2005D91B2AF4972F007C1A56;
			remoteInfo = "POI Aku";
		};
/* End PBXContainerItemProxy section */

/* Begin PBXFileReference section */
		2005D91C2AF4972F007C1A56 /* POI Aku.app */ = {isa = PBXFileReference; explicitFileType = wrapper.application; includeInIndex = 0; path = "POI Aku.app"; sourceTree = BUILT_PRODUCTS_DIR; };
		2005D91F2AF4972F007C1A56 /* POI_AkuApp.swift */ = {isa = PBXFileReference; lastKnownFileType = sourcecode.swift; path = POI_AkuApp.swift; sourceTree = "<group>"; };
		2005D9212AF4972F007C1A56 /* ContentView.swift */ = {isa = PBXFileReference; lastKnownFileType = sourcecode.swift; path = ContentView.swift; sourceTree = "<group>"; };
		2005D9232AF49730007C1A56 /* Assets.xcassets */ = {isa = PBXFileReference; lastKnownFileType = folder.assetcatalog; path = Assets.xcassets; sourceTree = "<group>"; };
		2005D9262AF49730007C1A56 /* Preview Assets.xcassets */ = {isa = PBXFileReference; lastKnownFileType = folder.assetcatalog; path = "Preview Assets.xcassets"; sourceTree = "<group>"; };
		2005D92C2AF49730007C1A56 /* POI AkuTests.xctest */ = {isa = PBXFileReference; explicitFileType = wrapper.cfbundle; includeInIndex = 0; path = "POI AkuTests.xctest"; sourceTree = BUILT_PRODUCTS_DIR; };
		2005D9302AF49730007C1A56 /* POI_AkuTests.swift */ = {isa = PBXFileReference; lastKnownFileType = sourcecode.swift; path = POI_AkuTests.swift; sourceTree = "<group>"; };
		2005D9362AF49730007C1A56 /* POI AkuUITests.xctest */ = {isa = PBXFileReference; explicitFileType = wrapper.cfbundle; includeInIndex = 0; path = "POI AkuUITests.xctest"; sourceTree = BUILT_PRODUCTS_DIR; };
		2005D93A2AF49730007C1A56 /* POI_AkuUITests.swift */ = {isa = PBXFileReference; lastKnownFileType = sourcecode.swift; path = POI_AkuUITests.swift; sourceTree = "<group>"; };
		2005D93C2AF49730007C1A56 /* POI_AkuUITestsLaunchTests.swift */ = {isa = PBXFileReference; lastKnownFileType = sourcecode.swift; path = POI_AkuUITestsLaunchTests.swift; sourceTree = "<group>"; };
		20F0E4992AF49FED00236E9F /* PoiAkuAppSource */ = {isa = PBXFileReference; lastKnownFileType = wrapper; name = PoiAkuAppSource; path = Packages/PoiAkuAppSource; sourceTree = "<group>"; };
/* End PBXFileReference section */

/* Begin PBXFrameworksBuildPhase section */
		2005D9192AF4972F007C1A56 /* Frameworks */ = {
			isa = PBXFrameworksBuildPhase;
			buildActionMask = 2147483647;
			files = (
				20F0E49B2AF49FF600236E9F /* PoiAkuAppSource in Frameworks */,
			);
			runOnlyForDeploymentPostprocessing = 0;
		};
		2005D9292AF49730007C1A56 /* Frameworks */ = {
			isa = PBXFrameworksBuildPhase;
			buildActionMask = 2147483647;
			files = (
			);
			runOnlyForDeploymentPostprocessing = 0;
		};
		2005D9332AF49730007C1A56 /* Frameworks */ = {
			isa = PBXFrameworksBuildPhase;
			buildActionMask = 2147483647;
			files = (
			);
			runOnlyForDeploymentPostprocessing = 0;
		};
/* End PBXFrameworksBuildPhase section */

/* Begin PBXGroup section */
		2005D9132AF4972F007C1A56 = {
			isa = PBXGroup;
			children = (
				20F0E4992AF49FED00236E9F /* PoiAkuAppSource */,
				2005D91E2AF4972F007C1A56 /* POI Aku */,
				2005D92F2AF49730007C1A56 /* POI AkuTests */,
				2005D9392AF49730007C1A56 /* POI AkuUITests */,
				2005D91D2AF4972F007C1A56 /* Products */,
				20516E1C2AF4998E00DAAF73 /* Frameworks */,
			);
			sourceTree = "<group>";
		};
		2005D91D2AF4972F007C1A56 /* Products */ = {
			isa = PBXGroup;
			children = (
				2005D91C2AF4972F007C1A56 /* POI Aku.app */,
				2005D92C2AF49730007C1A56 /* POI AkuTests.xctest */,
				2005D9362AF49730007C1A56 /* POI AkuUITests.xctest */,
			);
			name = Products;
			sourceTree = "<group>";
		};
		2005D91E2AF4972F007C1A56 /* POI Aku */ = {
			isa = PBXGroup;
			children = (
				2005D91F2AF4972F007C1A56 /* POI_AkuApp.swift */,
				2005D9212AF4972F007C1A56 /* ContentView.swift */,
				2005D9232AF49730007C1A56 /* Assets.xcassets */,
				2005D9252AF49730007C1A56 /* Preview Content */,
			);
			path = "POI Aku";
			sourceTree = "<group>";
		};
		2005D9252AF49730007C1A56 /* Preview Content */ = {
			isa = PBXGroup;
			children = (
				2005D9262AF49730007C1A56 /* Preview Assets.xcassets */,
			);
			path = "Preview Content";
			sourceTree = "<group>";
		};
		2005D92F2AF49730007C1A56 /* POI AkuTests */ = {
			isa = PBXGroup;
			children = (
				2005D9302AF49730007C1A56 /* POI_AkuTests.swift */,
			);
			path = "POI AkuTests";
			sourceTree = "<group>";
		};
		2005D9392AF49730007C1A56 /* POI AkuUITests */ = {
			isa = PBXGroup;
			children = (
				2005D93A2AF49730007C1A56 /* POI_AkuUITests.swift */,
				2005D93C2AF49730007C1A56 /* POI_AkuUITestsLaunchTests.swift */,
			);
			path = "POI AkuUITests";
			sourceTree = "<group>";
		};
		20516E1C2AF4998E00DAAF73 /* Frameworks */ = {
			isa = PBXGroup;
			children = (
			);
			name = Frameworks;
			sourceTree = "<group>";
		};
/* End PBXGroup section */

/* Begin PBXNativeTarget section */
		2005D91B2AF4972F007C1A56 /* POI Aku */ = {
			isa = PBXNativeTarget;
			buildConfigurationList = 2005D9402AF49730007C1A56 /* Build configuration list for PBXNativeTarget "POI Aku" */;
			buildPhases = (
				2005D9182AF4972F007C1A56 /* Sources */,
				2005D9192AF4972F007C1A56 /* Frameworks */,
				2005D91A2AF4972F007C1A56 /* Resources */,
			);
			buildRules = (
			);
			dependencies = (
			);
			name = "POI Aku";
			packageProductDependencies = (
				20F0E49A2AF49FF600236E9F /* PoiAkuAppSource */,
			);
			productName = "POI Aku";
			productReference = 2005D91C2AF4972F007C1A56 /* POI Aku.app */;
			productType = "com.apple.product-type.application";
		};
		2005D92B2AF49730007C1A56 /* POI AkuTests */ = {
			isa = PBXNativeTarget;
			buildConfigurationList = 2005D9432AF49730007C1A56 /* Build configuration list for PBXNativeTarget "POI AkuTests" */;
			buildPhases = (
				2005D9282AF49730007C1A56 /* Sources */,
				2005D9292AF49730007C1A56 /* Frameworks */,
				2005D92A2AF49730007C1A56 /* Resources */,
			);
			buildRules = (
			);
			dependencies = (
				2005D92E2AF49730007C1A56 /* PBXTargetDependency */,
			);
			name = "POI AkuTests";
			productName = "POI AkuTests";
			productReference = 2005D92C2AF49730007C1A56 /* POI AkuTests.xctest */;
			productType = "com.apple.product-type.bundle.unit-test";
		};
		2005D9352AF49730007C1A56 /* POI AkuUITests */ = {
			isa = PBXNativeTarget;
			buildConfigurationList = 2005D9462AF49730007C1A56 /* Build configuration list for PBXNativeTarget "POI AkuUITests" */;
			buildPhases = (
				2005D9322AF49730007C1A56 /* Sources */,
				2005D9332AF49730007C1A56 /* Frameworks */,
				2005D9342AF49730007C1A56 /* Resources */,
			);
			buildRules = (
			);
			dependencies = (
				2005D9382AF49730007C1A56 /* PBXTargetDependency */,
			);
			name = "POI AkuUITests";
			productName = "POI AkuUITests";
			productReference = 2005D9362AF49730007C1A56 /* POI AkuUITests.xctest */;
			productType = "com.apple.product-type.bundle.ui-testing";
		};
/* End PBXNativeTarget section */

/* Begin PBXProject section */
		2005D9142AF4972F007C1A56 /* Project object */ = {
			isa = PBXProject;
			attributes = {
				BuildIndependentTargetsInParallel = 1;
				LastSwiftUpdateCheck = 1430;
				LastUpgradeCheck = 1430;
				TargetAttributes = {
					2005D91B2AF4972F007C1A56 = {
						CreatedOnToolsVersion = 14.3.1;
					};
					2005D92B2AF49730007C1A56 = {
						CreatedOnToolsVersion = 14.3.1;
						TestTargetID = 2005D91B2AF4972F007C1A56;
					};
					2005D9352AF49730007C1A56 = {
						CreatedOnToolsVersion = 14.3.1;
						TestTargetID = 2005D91B2AF4972F007C1A56;
					};
				};
			};
			buildConfigurationList = 2005D9172AF4972F007C1A56 /* Build configuration list for PBXProject "POI Aku" */;
			compatibilityVersion = "Xcode 14.0";
			developmentRegion = en;
			hasScannedForEncodings = 0;
			knownRegions = (
				en,
				Base,
			);
			mainGroup = 2005D9132AF4972F007C1A56;
			productRefGroup = 2005D91D2AF4972F007C1A56 /* Products */;
			projectDirPath = "";
			projectRoot = "";
			targets = (
				2005D91B2AF4972F007C1A56 /* POI Aku */,
				2005D92B2AF49730007C1A56 /* POI AkuTests */,
				2005D9352AF49730007C1A56 /* POI AkuUITests */,
			);
		};
/* End PBXProject section */

/* Begin PBXResourcesBuildPhase section */
		2005D91A2AF4972F007C1A56 /* Resources */ = {
			isa = PBXResourcesBuildPhase;
			buildActionMask = 2147483647;
			files = (
				2005D9272AF49730007C1A56 /* Preview Assets.xcassets in Resources */,
				2005D9242AF49730007C1A56 /* Assets.xcassets in Resources */,
			);
			runOnlyForDeploymentPostprocessing = 0;
		};
		2005D92A2AF49730007C1A56 /* Resources */ = {
			isa = PBXResourcesBuildPhase;
			buildActionMask = 2147483647;
			files = (
			);
			runOnlyForDeploymentPostprocessing = 0;
		};
		2005D9342AF49730007C1A56 /* Resources */ = {
			isa = PBXResourcesBuildPhase;
			buildActionMask = 2147483647;
			files = (
			);
			runOnlyForDeploymentPostprocessing = 0;
		};
/* End PBXResourcesBuildPhase section */

/* Begin PBXSourcesBuildPhase section */
		2005D9182AF4972F007C1A56 /* Sources */ = {
			isa = PBXSourcesBuildPhase;
			buildActionMask = 2147483647;
			files = (
				2005D9222AF4972F007C1A56 /* ContentView.swift in Sources */,
				2005D9202AF4972F007C1A56 /* POI_AkuApp.swift in Sources */,
			);
			runOnlyForDeploymentPostprocessing = 0;
		};
		2005D9282AF49730007C1A56 /* Sources */ = {
			isa = PBXSourcesBuildPhase;
			buildActionMask = 2147483647;
			files = (
				2005D9312AF49730007C1A56 /* POI_AkuTests.swift in Sources */,
			);
			runOnlyForDeploymentPostprocessing = 0;
		};
		2005D9322AF49730007C1A56 /* Sources */ = {
			isa = PBXSourcesBuildPhase;
			buildActionMask = 2147483647;
			files = (
				2005D93B2AF49730007C1A56 /* POI_AkuUITests.swift in Sources */,
				2005D93D2AF49730007C1A56 /* POI_AkuUITestsLaunchTests.swift in Sources */,
			);
			runOnlyForDeploymentPostprocessing = 0;
		};
/* End PBXSourcesBuildPhase section */

/* Begin PBXTargetDependency section */
		2005D92E2AF49730007C1A56 /* PBXTargetDependency */ = {
			isa = PBXTargetDependency;
			target = 2005D91B2AF4972F007C1A56 /* POI Aku */;
			targetProxy = 2005D92D2AF49730007C1A56 /* PBXContainerItemProxy */;
		};
		2005D9382AF49730007C1A56 /* PBXTargetDependency */ = {
			isa = PBXTargetDependency;
			target = 2005D91B2AF4972F007C1A56 /* POI Aku */;
			targetProxy = 2005D9372AF49730007C1A56 /* PBXContainerItemProxy */;
		};
/* End PBXTargetDependency section */

/* Begin XCBuildConfiguration section */
		2005D93E2AF49730007C1A56 /* Debug */ = {
			isa = XCBuildConfiguration;
			buildSettings = {
				ALWAYS_SEARCH_USER_PATHS = NO;
				CLANG_ANALYZER_NONNULL = YES;
				CLANG_ANALYZER_NUMBER_OBJECT_CONVERSION = YES_AGGRESSIVE;
				CLANG_CXX_LANGUAGE_STANDARD = "gnu++20";
				CLANG_ENABLE_MODULES = YES;
				CLANG_ENABLE_OBJC_ARC = YES;
				CLANG_ENABLE_OBJC_WEAK = YES;
				CLANG_WARN_BLOCK_CAPTURE_AUTORELEASING = YES;
				CLANG_WARN_BOOL_CONVERSION = YES;
				CLANG_WARN_COMMA = YES;
				CLANG_WARN_CONSTANT_CONVERSION = YES;
				CLANG_WARN_DEPRECATED_OBJC_IMPLEMENTATIONS = YES;
				CLANG_WARN_DIRECT_OBJC_ISA_USAGE = YES_ERROR;
				CLANG_WARN_DOCUMENTATION_COMMENTS = YES;
				CLANG_WARN_EMPTY_BODY = YES;
				CLANG_WARN_ENUM_CONVERSION = YES;
				CLANG_WARN_INFINITE_RECURSION = YES;
				CLANG_WARN_INT_CONVERSION = YES;
				CLANG_WARN_NON_LITERAL_NULL_CONVERSION = YES;
				CLANG_WARN_OBJC_IMPLICIT_RETAIN_SELF = YES;
				CLANG_WARN_OBJC_LITERAL_CONVERSION = YES;
				CLANG_WARN_OBJC_ROOT_CLASS = YES_ERROR;
				CLANG_WARN_QUOTED_INCLUDE_IN_FRAMEWORK_HEADER = YES;
				CLANG_WARN_RANGE_LOOP_ANALYSIS = YES;
				CLANG_WARN_STRICT_PROTOTYPES = YES;
				CLANG_WARN_SUSPICIOUS_MOVE = YES;
				CLANG_WARN_UNGUARDED_AVAILABILITY = YES_AGGRESSIVE;
				CLANG_WARN_UNREACHABLE_CODE = YES;
				CLANG_WARN__DUPLICATE_METHOD_MATCH = YES;
				COPY_PHASE_STRIP = NO;
				DEBUG_INFORMATION_FORMAT = dwarf;
				ENABLE_STRICT_OBJC_MSGSEND = YES;
				ENABLE_TESTABILITY = YES;
				GCC_C_LANGUAGE_STANDARD = gnu11;
				GCC_DYNAMIC_NO_PIC = NO;
				GCC_NO_COMMON_BLOCKS = YES;
				GCC_OPTIMIZATION_LEVEL = 0;
				GCC_PREPROCESSOR_DEFINITIONS = (
					"DEBUG=1",
					"$(inherited)",
				);
				GCC_WARN_64_TO_32_BIT_CONVERSION = YES;
				GCC_WARN_ABOUT_RETURN_TYPE = YES_ERROR;
				GCC_WARN_UNDECLARED_SELECTOR = YES;
				GCC_WARN_UNINITIALIZED_AUTOS = YES_AGGRESSIVE;
				GCC_WARN_UNUSED_FUNCTION = YES;
				GCC_WARN_UNUSED_VARIABLE = YES;
				IPHONEOS_DEPLOYMENT_TARGET = 15.0;
				MTL_ENABLE_DEBUG_INFO = INCLUDE_SOURCE;
				MTL_FAST_MATH = YES;
				ONLY_ACTIVE_ARCH = YES;
				SDKROOT = iphoneos;
				SWIFT_ACTIVE_COMPILATION_CONDITIONS = DEBUG;
				SWIFT_OPTIMIZATION_LEVEL = "-Onone";
			};
			name = Debug;
		};
		2005D93F2AF49730007C1A56 /* Release */ = {
			isa = XCBuildConfiguration;
			buildSettings = {
				ALWAYS_SEARCH_USER_PATHS = NO;
				CLANG_ANALYZER_NONNULL = YES;
				CLANG_ANALYZER_NUMBER_OBJECT_CONVERSION = YES_AGGRESSIVE;
				CLANG_CXX_LANGUAGE_STANDARD = "gnu++20";
				CLANG_ENABLE_MODULES = YES;
				CLANG_ENABLE_OBJC_ARC = YES;
				CLANG_ENABLE_OBJC_WEAK = YES;
				CLANG_WARN_BLOCK_CAPTURE_AUTORELEASING = YES;
				CLANG_WARN_BOOL_CONVERSION = YES;
				CLANG_WARN_COMMA = YES;
				CLANG_WARN_CONSTANT_CONVERSION = YES;
				CLANG_WARN_DEPRECATED_OBJC_IMPLEMENTATIONS = YES;
				CLANG_WARN_DIRECT_OBJC_ISA_USAGE = YES_ERROR;
				CLANG_WARN_DOCUMENTATION_COMMENTS = YES;
				CLANG_WARN_EMPTY_BODY = YES;
				CLANG_WARN_ENUM_CONVERSION = YES;
				CLANG_WARN_INFINITE_RECURSION = YES;
				CLANG_WARN_INT_CONVERSION = YES;
				CLANG_WARN_NON_LITERAL_NULL_CONVERSION = YES;
				CLANG_WARN_OBJC_IMPLICIT_RETAIN_SELF = YES;
				CLANG_WARN_OBJC_LITERAL_CONVERSION = YES;
				CLANG_WARN_OBJC_ROOT_CLASS = YES_ERROR;
				CLANG_WARN_QUOTED_INCLUDE_IN_FRAMEWORK_HEADER = YES;
				CLANG_WARN_RANGE_LOOP_ANALYSIS = YES;
				CLANG_WARN_STRICT_PROTOTYPES = YES;
				CLANG_WARN_SUSPICIOUS_MOVE = YES;
				CLANG_WARN_UNGUARDED_AVAILABILITY = YES_AGGRESSIVE;
				CLANG_WARN_UNREACHABLE_CODE = YES;
				CLANG_WARN__DUPLICATE_METHOD_MATCH = YES;
				COPY_PHASE_STRIP = NO;
				DEBUG_INFORMATION_FORMAT = "dwarf-with-dsym";
				ENABLE_NS_ASSERTIONS = NO;
				ENABLE_STRICT_OBJC_MSGSEND = YES;
				GCC_C_LANGUAGE_STANDARD = gnu11;
				GCC_NO_COMMON_BLOCKS = YES;
				GCC_WARN_64_TO_32_BIT_CONVERSION = YES;
				GCC_WARN_ABOUT_RETURN_TYPE = YES_ERROR;
				GCC_WARN_UNDECLARED_SELECTOR = YES;
				GCC_WARN_UNINITIALIZED_AUTOS = YES_AGGRESSIVE;
				GCC_WARN_UNUSED_FUNCTION = YES;
				GCC_WARN_UNUSED_VARIABLE = YES;
				IPHONEOS_DEPLOYMENT_TARGET = 15.0;
				MTL_ENABLE_DEBUG_INFO = NO;
				MTL_FAST_MATH = YES;
				SDKROOT = iphoneos;
				SWIFT_COMPILATION_MODE = wholemodule;
				SWIFT_OPTIMIZATION_LEVEL = "-O";
				VALIDATE_PRODUCT = YES;
			};
			name = Release;
		};
		2005D9412AF49730007C1A56 /* Debug */ = {
			isa = XCBuildConfiguration;
			buildSettings = {
				ASSETCATALOG_COMPILER_APPICON_NAME = AppIcon;
				ASSETCATALOG_COMPILER_GLOBAL_ACCENT_COLOR_NAME = AccentColor;
				CODE_SIGN_STYLE = Automatic;
				CURRENT_PROJECT_VERSION = 1;
				DEVELOPMENT_ASSET_PATHS = "\"POI Aku/Preview Content\"";
				ENABLE_PREVIEWS = YES;
				GENERATE_INFOPLIST_FILE = YES;
				INFOPLIST_KEY_UIApplicationSceneManifest_Generation = YES;
				INFOPLIST_KEY_UIApplicationSupportsIndirectInputEvents = YES;
				INFOPLIST_KEY_UILaunchScreen_Generation = YES;
				INFOPLIST_KEY_UISupportedInterfaceOrientations_iPad = "UIInterfaceOrientationPortrait UIInterfaceOrientationPortraitUpsideDown UIInterfaceOrientationLandscapeLeft UIInterfaceOrientationLandscapeRight";
				INFOPLIST_KEY_UISupportedInterfaceOrientations_iPhone = "UIInterfaceOrientationPortrait UIInterfaceOrientationLandscapeLeft UIInterfaceOrientationLandscapeRight";
				IPHONEOS_DEPLOYMENT_TARGET = 15.0;
				LD_RUNPATH_SEARCH_PATHS = (
					"$(inherited)",
					"@executable_path/Frameworks",
				);
				MARKETING_VERSION = 1.0;
				PRODUCT_BUNDLE_IDENTIFIER = "com.danielprast.POI-Aku";
				PRODUCT_NAME = "$(TARGET_NAME)";
				SWIFT_EMIT_LOC_STRINGS = YES;
				SWIFT_VERSION = 5.0;
				TARGETED_DEVICE_FAMILY = "1,2";
			};
			name = Debug;
		};
		2005D9422AF49730007C1A56 /* Release */ = {
			isa = XCBuildConfiguration;
			buildSettings = {
				ASSETCATALOG_COMPILER_APPICON_NAME = AppIcon;
				ASSETCATALOG_COMPILER_GLOBAL_ACCENT_COLOR_NAME = AccentColor;
				CODE_SIGN_STYLE = Automatic;
				CURRENT_PROJECT_VERSION = 1;
				DEVELOPMENT_ASSET_PATHS = "\"POI Aku/Preview Content\"";
				ENABLE_PREVIEWS = YES;
				GENERATE_INFOPLIST_FILE = YES;
				INFOPLIST_KEY_UIApplicationSceneManifest_Generation = YES;
				INFOPLIST_KEY_UIApplicationSupportsIndirectInputEvents = YES;
				INFOPLIST_KEY_UILaunchScreen_Generation = YES;
				INFOPLIST_KEY_UISupportedInterfaceOrientations_iPad = "UIInterfaceOrientationPortrait UIInterfaceOrientationPortraitUpsideDown UIInterfaceOrientationLandscapeLeft UIInterfaceOrientationLandscapeRight";
				INFOPLIST_KEY_UISupportedInterfaceOrientations_iPhone = "UIInterfaceOrientationPortrait UIInterfaceOrientationLandscapeLeft UIInterfaceOrientationLandscapeRight";
				IPHONEOS_DEPLOYMENT_TARGET = 15.0;
				LD_RUNPATH_SEARCH_PATHS = (
					"$(inherited)",
					"@executable_path/Frameworks",
				);
				MARKETING_VERSION = 1.0;
				PRODUCT_BUNDLE_IDENTIFIER = "com.danielprast.POI-Aku";
				PRODUCT_NAME = "$(TARGET_NAME)";
				SWIFT_EMIT_LOC_STRINGS = YES;
				SWIFT_VERSION = 5.0;
				TARGETED_DEVICE_FAMILY = "1,2";
			};
			name = Release;
		};
		2005D9442AF49730007C1A56 /* Debug */ = {
			isa = XCBuildConfiguration;
			buildSettings = {
				ALWAYS_EMBED_SWIFT_STANDARD_LIBRARIES = YES;
				BUNDLE_LOADER = "$(TEST_HOST)";
				CODE_SIGN_STYLE = Automatic;
				CURRENT_PROJECT_VERSION = 1;
				GENERATE_INFOPLIST_FILE = YES;
				IPHONEOS_DEPLOYMENT_TARGET = 16.4;
				MARKETING_VERSION = 1.0;
				PRODUCT_BUNDLE_IDENTIFIER = "com.danielprast.POI-AkuTests";
				PRODUCT_NAME = "$(TARGET_NAME)";
				SWIFT_EMIT_LOC_STRINGS = NO;
				SWIFT_VERSION = 5.0;
				TARGETED_DEVICE_FAMILY = "1,2";
				TEST_HOST = "$(BUILT_PRODUCTS_DIR)/POI Aku.app/$(BUNDLE_EXECUTABLE_FOLDER_PATH)/POI Aku";
			};
			name = Debug;
		};
		2005D9452AF49730007C1A56 /* Release */ = {
			isa = XCBuildConfiguration;
			buildSettings = {
				ALWAYS_EMBED_SWIFT_STANDARD_LIBRARIES = YES;
				BUNDLE_LOADER = "$(TEST_HOST)";
				CODE_SIGN_STYLE = Automatic;
				CURRENT_PROJECT_VERSION = 1;
				GENERATE_INFOPLIST_FILE = YES;
				IPHONEOS_DEPLOYMENT_TARGET = 16.4;
				MARKETING_VERSION = 1.0;
				PRODUCT_BUNDLE_IDENTIFIER = "com.danielprast.POI-AkuTests";
				PRODUCT_NAME = "$(TARGET_NAME)";
				SWIFT_EMIT_LOC_STRINGS = NO;
				SWIFT_VERSION = 5.0;
				TARGETED_DEVICE_FAMILY = "1,2";
				TEST_HOST = "$(BUILT_PRODUCTS_DIR)/POI Aku.app/$(BUNDLE_EXECUTABLE_FOLDER_PATH)/POI Aku";
			};
			name = Release;
		};
		2005D9472AF49730007C1A56 /* Debug */ = {
			isa = XCBuildConfiguration;
			buildSettings = {
				ALWAYS_EMBED_SWIFT_STANDARD_LIBRARIES = YES;
				CODE_SIGN_STYLE = Automatic;
				CURRENT_PROJECT_VERSION = 1;
				GENERATE_INFOPLIST_FILE = YES;
				MARKETING_VERSION = 1.0;
				PRODUCT_BUNDLE_IDENTIFIER = "com.danielprast.POI-AkuUITests";
				PRODUCT_NAME = "$(TARGET_NAME)";
				SWIFT_EMIT_LOC_STRINGS = NO;
				SWIFT_VERSION = 5.0;
				TARGETED_DEVICE_FAMILY = "1,2";
				TEST_TARGET_NAME = "POI Aku";
			};
			name = Debug;
		};
		2005D9482AF49730007C1A56 /* Release */ = {
			isa = XCBuildConfiguration;
			buildSettings = {
				ALWAYS_EMBED_SWIFT_STANDARD_LIBRARIES = YES;
				CODE_SIGN_STYLE = Automatic;
				CURRENT_PROJECT_VERSION = 1;
				GENERATE_INFOPLIST_FILE = YES;
				MARKETING_VERSION = 1.0;
				PRODUCT_BUNDLE_IDENTIFIER = "com.danielprast.POI-AkuUITests";
				PRODUCT_NAME = "$(TARGET_NAME)";
				SWIFT_EMIT_LOC_STRINGS = NO;
				SWIFT_VERSION = 5.0;
				TARGETED_DEVICE_FAMILY = "1,2";
				TEST_TARGET_NAME = "POI Aku";
			};
			name = Release;
		};
/* End XCBuildConfiguration section */

/* Begin XCConfigurationList section */
		2005D9172AF4972F007C1A56 /* Build configuration list for PBXProject "POI Aku" */ = {
			isa = XCConfigurationList;
			buildConfigurations = (
				2005D93E2AF49730007C1A56 /* Debug */,
				2005D93F2AF49730007C1A56 /* Release */,
			);
			defaultConfigurationIsVisible = 0;
			defaultConfigurationName = Release;
		};
		2005D9402AF49730007C1A56 /* Build configuration list for PBXNativeTarget "POI Aku" */ = {
			isa = XCConfigurationList;
			buildConfigurations = (
				2005D9412AF49730007C1A56 /* Debug */,
				2005D9422AF49730007C1A56 /* Release */,
			);
			defaultConfigurationIsVisible = 0;
			defaultConfigurationName = Release;
		};
		2005D9432AF49730007C1A56 /* Build configuration list for PBXNativeTarget "POI AkuTests" */ = {
			isa = XCConfigurationList;
			buildConfigurations = (
				2005D9442AF49730007C1A56 /* Debug */,
				2005D9452AF49730007C1A56 /* Release */,
			);
			defaultConfigurationIsVisible = 0;
			defaultConfigurationName = Release;
		};
		2005D9462AF49730007C1A56 /* Build configuration list for PBXNativeTarget "POI AkuUITests" */ = {
			isa = XCConfigurationList;
			buildConfigurations = (
				2005D9472AF49730007C1A56 /* Debug */,
				2005D9482AF49730007C1A56 /* Release */,
			);
			defaultConfigurationIsVisible = 0;
			defaultConfigurationName = Release;
		};
/* End XCConfigurationList section */

/* Begin XCSwiftPackageProductDependency section */
		20F0E49A2AF49FF600236E9F /* PoiAkuAppSource */ = {
			isa = XCSwiftPackageProductDependency;
			productName = PoiAkuAppSource;
		};
/* End XCSwiftPackageProductDependency section */
	};
	rootObject = 2005D9142AF4972F007C1A56 /* Project object */;
}
